
Microsoft Visual Studio Solution File, Format Version 12.00
# Visual Studio Version 17
VisualStudioVersion = 17.8.34330.188
MinimumVisualStudioVersion = 10.0.40219.1
Project("{FAE04EC0-301F-11D3-BF4B-00C04F79EFBC}") = "Grubas", "Grubas.csproj", "{C8A657C1-DA79-4233-9F10-C07E74C8CA92}"
EndProject
Global
	GlobalSection(SolutionConfigurationPlatforms) = preSolution
		Debug|Any CPU = Debug|Any CPU
		Release|Any CPU = Release|Any CPU
	EndGlobalSection
	GlobalSection(ProjectConfigurationPlatforms) = postSolution
		{C8A657C1-DA79-4233-9F10-C07E74C8CA92}.Debug|Any CPU.ActiveCfg = Debug|Any CPU
		{C8A657C1-DA79-4233-9F10-C07E74C8CA92}.Debug|Any CPU.Build.0 = Debug|Any CPU
		{C8A657C1-DA79-4233-9F10-C07E74C8CA92}.Release|Any CPU.ActiveCfg = Release|Any CPU
		{C8A657C1-DA79-4233-9F10-C07E74C8CA92}.Release|Any CPU.Build.0 = Release|Any CPU
	EndGlobalSection
	GlobalSection(SolutionProperties) = preSolution
		HideSolutionNode = FALSE
	EndGlobalSection
	GlobalSection(ExtensibilityGlobals) = postSolution
		SolutionGuid = {3840F862-F2FC-4FAC-B243-4BDCBC1C8AB2}
	EndGlobalSection
EndGlobal
